# This file was autogenerated by Stack.
# You should not edit this file by hand.
# For more information, please see the documentation at:
#   https://docs.haskellstack.org/en/stable/lock_files

packages:
- completed:
    hackage: aws-lambda-haskell-runtime-4.3.2@sha256:8be7d3a43a64abdce273bf0a75b9420fd468e50c42dc5f0435b639656b6fb2ad,3019
    pantry-tree:
      sha256: ae8a38fa77a7a74be10ad4561968676881ac1304e96842510aa3832204b4d98e
      size: 1453
  original:
    hackage: aws-lambda-haskell-runtime-4.3.2
snapshots:
- completed:
    sha256: 889b6bffaf21cd509a7c6017703281e77c2f6df0a0908a11c85fa97fcbf11d4e
    size: 680573
    url: https://raw.githubusercontent.com/commercialhaskell/stackage-snapshots/master/lts/23/10.yaml
  original: lts-23.10
