# This file was autogenerated by Stack.
# You should not edit this file by hand.
# For more information, please see the documentation at:
#   https://docs.haskellstack.org/en/stable/lock_files

packages:
- completed:
    commit: 3407003cdedd16a79530e42549c1ee3802c2a918
    git: https://github.com/janiez/aws-lambda-haskell-runtime.git
    name: aws-lambda-haskell-runtime
    pantry-tree:
      sha256: 03aefd7a43ffbd0de3ef53982a2af80f9f123ed29ea4c259a64c1a88bad626d7
      size: 3424
    version: 4.1.2
  original:
    commit: 3407003cdedd16a79530e42549c1ee3802c2a918
    git: https://github.com/janiez/aws-lambda-haskell-runtime.git
snapshots:
- completed:
    sha256: dad15e2ec0c09280a5c2e07190fb18710fc54472f029f34f861f686540824d81
    size: 649592
    url: https://raw.githubusercontent.com/commercialhaskell/stackage-snapshots/master/lts/20/16.yaml
  original: lts-20.16
